// !$*UTF8*$!
{
	archiveVersion = 1;
	classes = {
	};
	objectVersion = 46;
	objects = {

/* Begin PBXBuildFile section */
		02AF44EB1C5DD9CB00A8D8E8 /* Icon-40.png in Resources */ = {isa = PBXBuildFile; fileRef = 02AF44E21C5DD9CB00A8D8E8 /* Icon-40.png */; };
		02AF44EC1C5DD9CB00A8D8E8 /* Icon-40@2x.png in Resources */ = {isa = PBXBuildFile; fileRef = 02AF44E31C5DD9CB00A8D8E8 /* Icon-40@2x.png */; };
		02AF44ED1C5DD9CB00A8D8E8 /* Icon-40@3x.png in Resources */ = {isa = PBXBuildFile; fileRef = 02AF44E41C5DD9CB00A8D8E8 /* Icon-40@3x.png */; };
		02AF44EE1C5DD9CB00A8D8E8 /* Icon-60@3x.png in Resources */ = {isa = PBXBuildFile; fileRef = 02AF44E51C5DD9CB00A8D8E8 /* Icon-60@3x.png */; };
		02AF44EF1C5DD9CB00A8D8E8 /* Icon-76.png in Resources */ = {isa = PBXBuildFile; fileRef = 02AF44E61C5DD9CB00A8D8E8 /* Icon-76.png */; };
		02AF44F01C5DD9CB00A8D8E8 /* Icon-76@2x.png in Resources */ = {isa = PBXBuildFile; fileRef = 02AF44E71C5DD9CB00A8D8E8 /* Icon-76@2x.png */; };
		02AF44F11C5DD9CB00A8D8E8 /* Icon-Small.png in Resources */ = {isa = PBXBuildFile; fileRef = 02AF44E81C5DD9CB00A8D8E8 /* Icon-Small.png */; };
		02AF44F21C5DD9CB00A8D8E8 /* Icon-Small@2x.png in Resources */ = {isa = PBXBuildFile; fileRef = 02AF44E91C5DD9CB00A8D8E8 /* Icon-Small@2x.png */; };
		02AF44F31C5DD9CB00A8D8E8 /* Icon-Small@3x.png in Resources */ = {isa = PBXBuildFile; fileRef = 02AF44EA1C5DD9CB00A8D8E8 /* Icon-Small@3x.png */; };
		02AF44F61C5DD9D600A8D8E8 /* Icon-60@2x.png in Resources */ = {isa = PBXBuildFile; fileRef = 02AF44F41C5DD9D600A8D8E8 /* Icon-60@2x.png */; };
		02AF44F71C5DD9D600A8D8E8 /* Icon-83.5@2x.png in Resources */ = {isa = PBXBuildFile; fileRef = 02AF44F51C5DD9D600A8D8E8 /* Icon-83.5@2x.png */; };
		02AF44FA1C5DDC6D00A8D8E8 /* white.jpg in Resources */ = {isa = PBXBuildFile; fileRef = 02AF44F91C5DDC6D00A8D8E8 /* white.jpg */; };
		02AF45021C5DE5F000A8D8E8 /* logo.png in Resources */ = {isa = PBXBuildFile; fileRef = 02AF45011C5DE5F000A8D8E8 /* logo.png */; };
		02AF45091C5DEC6800A8D8E8 /* kygo.png in Resources */ = {isa = PBXBuildFile; fileRef = 02AF45081C5DEC6800A8D8E8 /* kygo.png */; };
		02AF45131C5DFE9500A8D8E8 /* logo35.png in Resources */ = {isa = PBXBuildFile; fileRef = 02AF45121C5DFE9500A8D8E8 /* logo35.png */; };
		02AF45171C5E01B600A8D8E8 /* scales35.png in Resources */ = {isa = PBXBuildFile; fileRef = 02AF45161C5E01B600A8D8E8 /* scales35.png */; };
		02AF45191C5E060800A8D8E8 /* romanhouse35.png in Resources */ = {isa = PBXBuildFile; fileRef = 02AF45181C5E060800A8D8E8 /* romanhouse35.png */; };
		0B15E07D1C5DF71B008EA803 /* YourConflictsViewController.swift in Sources */ = {isa = PBXBuildFile; fileRef = 0B15E07C1C5DF71B008EA803 /* YourConflictsViewController.swift */; };
		0B15E07F1C5DF991008EA803 /* ConflictCallback.swift in Sources */ = {isa = PBXBuildFile; fileRef = 0B15E07E1C5DF991008EA803 /* ConflictCallback.swift */; };
		0B15E0811C5E0329008EA803 /* ConflictTableViewCell.swift in Sources */ = {isa = PBXBuildFile; fileRef = 0B15E0801C5E0329008EA803 /* ConflictTableViewCell.swift */; };
		0B15E0851C5E0888008EA803 /* ConflictDetailViewController.swift in Sources */ = {isa = PBXBuildFile; fileRef = 0B15E0841C5E0888008EA803 /* ConflictDetailViewController.swift */; };
		0B15E0871C5E1196008EA803 /* ConflictDetailCallback.swift in Sources */ = {isa = PBXBuildFile; fileRef = 0B15E0861C5E1196008EA803 /* ConflictDetailCallback.swift */; };
		0B34B7271C5D525700C5D0B9 /* YourJuriesViewController.swift in Sources */ = {isa = PBXBuildFile; fileRef = 0B34B7261C5D525700C5D0B9 /* YourJuriesViewController.swift */; };
		0B34B7291C5D62F700C5D0B9 /* JurorCallback.swift in Sources */ = {isa = PBXBuildFile; fileRef = 0B34B7281C5D62F700C5D0B9 /* JurorCallback.swift */; };
		0B34B72B1C5D7A2200C5D0B9 /* CaseTableViewCell.swift in Sources */ = {isa = PBXBuildFile; fileRef = 0B34B72A1C5D7A2200C5D0B9 /* CaseTableViewCell.swift */; };
		0B34B72D1C5DA57400C5D0B9 /* CaseDetailViewController.swift in Sources */ = {isa = PBXBuildFile; fileRef = 0B34B72C1C5DA57400C5D0B9 /* CaseDetailViewController.swift */; };
		0B6049431C5C329800CA00F6 /* AppDelegate.swift in Sources */ = {isa = PBXBuildFile; fileRef = 0B6049421C5C329800CA00F6 /* AppDelegate.swift */; };
		0B6049481C5C329800CA00F6 /* Main.storyboard in Resources */ = {isa = PBXBuildFile; fileRef = 0B6049461C5C329800CA00F6 /* Main.storyboard */; };
		0B60494A1C5C329800CA00F6 /* Assets.xcassets in Resources */ = {isa = PBXBuildFile; fileRef = 0B6049491C5C329800CA00F6 /* Assets.xcassets */; };
		0B60494D1C5C329800CA00F6 /* LaunchScreen.storyboard in Resources */ = {isa = PBXBuildFile; fileRef = 0B60494B1C5C329800CA00F6 /* LaunchScreen.storyboard */; };
		0BA642F71C5DD0A000B854E5 /* LoginNavigationController.swift in Sources */ = {isa = PBXBuildFile; fileRef = 0BA642F61C5DD0A000B854E5 /* LoginNavigationController.swift */; };
		0BB2A5981C5C45A9003579E5 /* LoginViewController.swift in Sources */ = {isa = PBXBuildFile; fileRef = 0BB2A5971C5C45A9003579E5 /* LoginViewController.swift */; };
		0BB2A59A1C5C4F77003579E5 /* HomeViewController.swift in Sources */ = {isa = PBXBuildFile; fileRef = 0BB2A5991C5C4F77003579E5 /* HomeViewController.swift */; };
		0BB2A59C1C5C5152003579E5 /* NewConflictViewController.swift in Sources */ = {isa = PBXBuildFile; fileRef = 0BB2A59B1C5C5152003579E5 /* NewConflictViewController.swift */; };
		0BB2A5A01C5C534F003579E5 /* HomeTabNavigationController.swift in Sources */ = {isa = PBXBuildFile; fileRef = 0BB2A59F1C5C534F003579E5 /* HomeTabNavigationController.swift */; };
		0BB2A5A21C5C6AB3003579E5 /* NetworkingController.swift in Sources */ = {isa = PBXBuildFile; fileRef = 0BB2A5A11C5C6AB3003579E5 /* NetworkingController.swift */; };
		0BB2A5A41C5C79DA003579E5 /* AppModel.swift in Sources */ = {isa = PBXBuildFile; fileRef = 0BB2A5A31C5C79DA003579E5 /* AppModel.swift */; };
/* End PBXBuildFile section */

/* Begin PBXFileReference section */
		02AF44E21C5DD9CB00A8D8E8 /* Icon-40.png */ = {isa = PBXFileReference; lastKnownFileType = image.png; path = "Icon-40.png"; sourceTree = "<group>"; };
		02AF44E31C5DD9CB00A8D8E8 /* Icon-40@2x.png */ = {isa = PBXFileReference; lastKnownFileType = image.png; path = "Icon-40@2x.png"; sourceTree = "<group>"; };
		02AF44E41C5DD9CB00A8D8E8 /* Icon-40@3x.png */ = {isa = PBXFileReference; lastKnownFileType = image.png; path = "Icon-40@3x.png"; sourceTree = "<group>"; };
		02AF44E51C5DD9CB00A8D8E8 /* Icon-60@3x.png */ = {isa = PBXFileReference; lastKnownFileType = image.png; path = "Icon-60@3x.png"; sourceTree = "<group>"; };
		02AF44E61C5DD9CB00A8D8E8 /* Icon-76.png */ = {isa = PBXFileReference; lastKnownFileType = image.png; path = "Icon-76.png"; sourceTree = "<group>"; };
		02AF44E71C5DD9CB00A8D8E8 /* Icon-76@2x.png */ = {isa = PBXFileReference; lastKnownFileType = image.png; path = "Icon-76@2x.png"; sourceTree = "<group>"; };
		02AF44E81C5DD9CB00A8D8E8 /* Icon-Small.png */ = {isa = PBXFileReference; lastKnownFileType = image.png; path = "Icon-Small.png"; sourceTree = "<group>"; };
		02AF44E91C5DD9CB00A8D8E8 /* Icon-Small@2x.png */ = {isa = PBXFileReference; lastKnownFileType = image.png; path = "Icon-Small@2x.png"; sourceTree = "<group>"; };
		02AF44EA1C5DD9CB00A8D8E8 /* Icon-Small@3x.png */ = {isa = PBXFileReference; lastKnownFileType = image.png; path = "Icon-Small@3x.png"; sourceTree = "<group>"; };
		02AF44F41C5DD9D600A8D8E8 /* Icon-60@2x.png */ = {isa = PBXFileReference; lastKnownFileType = image.png; path = "Icon-60@2x.png"; sourceTree = "<group>"; };
		02AF44F51C5DD9D600A8D8E8 /* Icon-83.5@2x.png */ = {isa = PBXFileReference; lastKnownFileType = image.png; path = "Icon-83.5@2x.png"; sourceTree = "<group>"; };
		02AF44F91C5DDC6D00A8D8E8 /* white.jpg */ = {isa = PBXFileReference; lastKnownFileType = image.jpeg; path = white.jpg; sourceTree = "<group>"; };
		02AF45011C5DE5F000A8D8E8 /* logo.png */ = {isa = PBXFileReference; lastKnownFileType = image.png; path = logo.png; sourceTree = "<group>"; };
		02AF45041C5DE80400A8D8E8 /* SortsMillGoudy-Italic.ttf */ = {isa = PBXFileReference; lastKnownFileType = file; path = "SortsMillGoudy-Italic.ttf"; sourceTree = "<group>"; };
		02AF45051C5DE80500A8D8E8 /* SortsMillGoudy-Regular.ttf */ = {isa = PBXFileReference; lastKnownFileType = file; path = "SortsMillGoudy-Regular.ttf"; sourceTree = "<group>"; };
		02AF45081C5DEC6800A8D8E8 /* kygo.png */ = {isa = PBXFileReference; lastKnownFileType = image.png; path = kygo.png; sourceTree = "<group>"; };
		02AF45121C5DFE9500A8D8E8 /* logo35.png */ = {isa = PBXFileReference; lastKnownFileType = image.png; path = logo35.png; sourceTree = "<group>"; };
		02AF45161C5E01B600A8D8E8 /* scales35.png */ = {isa = PBXFileReference; lastKnownFileType = image.png; path = scales35.png; sourceTree = "<group>"; };
		02AF45181C5E060800A8D8E8 /* romanhouse35.png */ = {isa = PBXFileReference; lastKnownFileType = image.png; path = romanhouse35.png; sourceTree = "<group>"; };
		0B15E07C1C5DF71B008EA803 /* YourConflictsViewController.swift */ = {isa = PBXFileReference; fileEncoding = 4; lastKnownFileType = sourcecode.swift; path = YourConflictsViewController.swift; sourceTree = "<group>"; };
		0B15E07E1C5DF991008EA803 /* ConflictCallback.swift */ = {isa = PBXFileReference; fileEncoding = 4; lastKnownFileType = sourcecode.swift; path = ConflictCallback.swift; sourceTree = "<group>"; };
		0B15E0801C5E0329008EA803 /* ConflictTableViewCell.swift */ = {isa = PBXFileReference; fileEncoding = 4; lastKnownFileType = sourcecode.swift; path = ConflictTableViewCell.swift; sourceTree = "<group>"; };
		0B15E0841C5E0888008EA803 /* ConflictDetailViewController.swift */ = {isa = PBXFileReference; fileEncoding = 4; lastKnownFileType = sourcecode.swift; path = ConflictDetailViewController.swift; sourceTree = "<group>"; };
		0B15E0861C5E1196008EA803 /* ConflictDetailCallback.swift */ = {isa = PBXFileReference; fileEncoding = 4; lastKnownFileType = sourcecode.swift; path = ConflictDetailCallback.swift; sourceTree = "<group>"; };
		0B34B7261C5D525700C5D0B9 /* YourJuriesViewController.swift */ = {isa = PBXFileReference; fileEncoding = 4; lastKnownFileType = sourcecode.swift; path = YourJuriesViewController.swift; sourceTree = "<group>"; };
		0B34B7281C5D62F700C5D0B9 /* JurorCallback.swift */ = {isa = PBXFileReference; fileEncoding = 4; lastKnownFileType = sourcecode.swift; path = JurorCallback.swift; sourceTree = "<group>"; };
		0B34B72A1C5D7A2200C5D0B9 /* CaseTableViewCell.swift */ = {isa = PBXFileReference; fileEncoding = 4; lastKnownFileType = sourcecode.swift; path = CaseTableViewCell.swift; sourceTree = "<group>"; };
		0B34B72C1C5DA57400C5D0B9 /* CaseDetailViewController.swift */ = {isa = PBXFileReference; fileEncoding = 4; lastKnownFileType = sourcecode.swift; path = CaseDetailViewController.swift; sourceTree = "<group>"; };
		0B60493F1C5C329800CA00F6 /* Jury.app */ = {isa = PBXFileReference; explicitFileType = wrapper.application; includeInIndex = 0; path = Jury.app; sourceTree = BUILT_PRODUCTS_DIR; };
		0B6049421C5C329800CA00F6 /* AppDelegate.swift */ = {isa = PBXFileReference; lastKnownFileType = sourcecode.swift; path = AppDelegate.swift; sourceTree = "<group>"; };
		0B6049471C5C329800CA00F6 /* Base */ = {isa = PBXFileReference; lastKnownFileType = file.storyboard; name = Base; path = Base.lproj/Main.storyboard; sourceTree = "<group>"; };
		0B6049491C5C329800CA00F6 /* Assets.xcassets */ = {isa = PBXFileReference; lastKnownFileType = folder.assetcatalog; path = Assets.xcassets; sourceTree = "<group>"; };
		0B60494C1C5C329800CA00F6 /* Base */ = {isa = PBXFileReference; lastKnownFileType = file.storyboard; name = Base; path = Base.lproj/LaunchScreen.storyboard; sourceTree = "<group>"; };
		0B60494E1C5C329800CA00F6 /* Info.plist */ = {isa = PBXFileReference; lastKnownFileType = text.plist.xml; path = Info.plist; sourceTree = "<group>"; };
		0BA642F61C5DD0A000B854E5 /* LoginNavigationController.swift */ = {isa = PBXFileReference; fileEncoding = 4; lastKnownFileType = sourcecode.swift; path = LoginNavigationController.swift; sourceTree = "<group>"; };
		0BB2A5971C5C45A9003579E5 /* LoginViewController.swift */ = {isa = PBXFileReference; fileEncoding = 4; lastKnownFileType = sourcecode.swift; path = LoginViewController.swift; sourceTree = "<group>"; };
		0BB2A5991C5C4F77003579E5 /* HomeViewController.swift */ = {isa = PBXFileReference; fileEncoding = 4; lastKnownFileType = sourcecode.swift; path = HomeViewController.swift; sourceTree = "<group>"; };
		0BB2A59B1C5C5152003579E5 /* NewConflictViewController.swift */ = {isa = PBXFileReference; fileEncoding = 4; lastKnownFileType = sourcecode.swift; path = NewConflictViewController.swift; sourceTree = "<group>"; };
		0BB2A59F1C5C534F003579E5 /* HomeTabNavigationController.swift */ = {isa = PBXFileReference; fileEncoding = 4; lastKnownFileType = sourcecode.swift; path = HomeTabNavigationController.swift; sourceTree = "<group>"; };
		0BB2A5A11C5C6AB3003579E5 /* NetworkingController.swift */ = {isa = PBXFileReference; fileEncoding = 4; lastKnownFileType = sourcecode.swift; path = NetworkingController.swift; sourceTree = "<group>"; };
		0BB2A5A31C5C79DA003579E5 /* AppModel.swift */ = {isa = PBXFileReference; fileEncoding = 4; lastKnownFileType = sourcecode.swift; path = AppModel.swift; sourceTree = "<group>"; };
/* End PBXFileReference section */

/* Begin PBXFrameworksBuildPhase section */
		0B60493C1C5C329800CA00F6 /* Frameworks */ = {
			isa = PBXFrameworksBuildPhase;
			buildActionMask = 2147483647;
			files = (
			);
			runOnlyForDeploymentPostprocessing = 0;
		};
/* End PBXFrameworksBuildPhase section */

/* Begin PBXGroup section */
		02AF44CB1C5DD99600A8D8E8 /* Icon Images */ = {
			isa = PBXGroup;
			children = (
				02AF44F41C5DD9D600A8D8E8 /* Icon-60@2x.png */,
				02AF44F51C5DD9D600A8D8E8 /* Icon-83.5@2x.png */,
				02AF44E21C5DD9CB00A8D8E8 /* Icon-40.png */,
				02AF44E31C5DD9CB00A8D8E8 /* Icon-40@2x.png */,
				02AF44E41C5DD9CB00A8D8E8 /* Icon-40@3x.png */,
				02AF44E51C5DD9CB00A8D8E8 /* Icon-60@3x.png */,
				02AF44E61C5DD9CB00A8D8E8 /* Icon-76.png */,
				02AF44E71C5DD9CB00A8D8E8 /* Icon-76@2x.png */,
				02AF44E81C5DD9CB00A8D8E8 /* Icon-Small.png */,
				02AF44E91C5DD9CB00A8D8E8 /* Icon-Small@2x.png */,
				02AF44EA1C5DD9CB00A8D8E8 /* Icon-Small@3x.png */,
			);
			name = "Icon Images";
			sourceTree = "<group>";
		};
		02AF44F81C5DDC6400A8D8E8 /* Images */ = {
			isa = PBXGroup;
			children = (
				02AF45181C5E060800A8D8E8 /* romanhouse35.png */,
				02AF45161C5E01B600A8D8E8 /* scales35.png */,
				02AF45121C5DFE9500A8D8E8 /* logo35.png */,
				02AF44F91C5DDC6D00A8D8E8 /* white.jpg */,
				02AF45081C5DEC6800A8D8E8 /* kygo.png */,
				02AF45011C5DE5F000A8D8E8 /* logo.png */,
			);
			name = Images;
			sourceTree = "<group>";
		};
		02AF45031C5DE7F200A8D8E8 /* Fonts */ = {
			isa = PBXGroup;
			children = (
				02AF45041C5DE80400A8D8E8 /* SortsMillGoudy-Italic.ttf */,
				02AF45051C5DE80500A8D8E8 /* SortsMillGoudy-Regular.ttf */,
			);
			name = Fonts;
			sourceTree = "<group>";
		};
		0B6049361C5C329800CA00F6 = {
			isa = PBXGroup;
			children = (
				0B6049411C5C329800CA00F6 /* Jury */,
				0B6049401C5C329800CA00F6 /* Products */,
			);
			sourceTree = "<group>";
		};
		0B6049401C5C329800CA00F6 /* Products */ = {
			isa = PBXGroup;
			children = (
				0B60493F1C5C329800CA00F6 /* Jury.app */,
			);
			name = Products;
			sourceTree = "<group>";
		};
		0B6049411C5C329800CA00F6 /* Jury */ = {
			isa = PBXGroup;
			children = (
				0BB2A5A31C5C79DA003579E5 /* AppModel.swift */,
				0B6049421C5C329800CA00F6 /* AppDelegate.swift */,
				0B34B7281C5D62F700C5D0B9 /* JurorCallback.swift */,
				0B15E07E1C5DF991008EA803 /* ConflictCallback.swift */,
				0B15E0861C5E1196008EA803 /* ConflictDetailCallback.swift */,
				0BB2A5A11C5C6AB3003579E5 /* NetworkingController.swift */,
				0BB2A5971C5C45A9003579E5 /* LoginViewController.swift */,
				0BA642F61C5DD0A000B854E5 /* LoginNavigationController.swift */,
				0BB2A59B1C5C5152003579E5 /* NewConflictViewController.swift */,
				0B34B7261C5D525700C5D0B9 /* YourJuriesViewController.swift */,
				0B15E07C1C5DF71B008EA803 /* YourConflictsViewController.swift */,
				0B34B72A1C5D7A2200C5D0B9 /* CaseTableViewCell.swift */,
				0B15E0801C5E0329008EA803 /* ConflictTableViewCell.swift */,
				0B34B72C1C5DA57400C5D0B9 /* CaseDetailViewController.swift */,
				0B15E0841C5E0888008EA803 /* ConflictDetailViewController.swift */,
				0BB2A5991C5C4F77003579E5 /* HomeViewController.swift */,
				02AF45031C5DE7F200A8D8E8 /* Fonts */,
				02AF44F81C5DDC6400A8D8E8 /* Images */,
				02AF44CB1C5DD99600A8D8E8 /* Icon Images */,
				0BB2A59F1C5C534F003579E5 /* HomeTabNavigationController.swift */,
				0B6049461C5C329800CA00F6 /* Main.storyboard */,
				0B6049491C5C329800CA00F6 /* Assets.xcassets */,
				0B60494B1C5C329800CA00F6 /* LaunchScreen.storyboard */,
				0B60494E1C5C329800CA00F6 /* Info.plist */,
			);
			path = Jury;
			sourceTree = "<group>";
		};
/* End PBXGroup section */

/* Begin PBXNativeTarget section */
		0B60493E1C5C329800CA00F6 /* Jury */ = {
			isa = PBXNativeTarget;
			buildConfigurationList = 0B6049511C5C329800CA00F6 /* Build configuration list for PBXNativeTarget "Jury" */;
			buildPhases = (
				0B60493B1C5C329800CA00F6 /* Sources */,
				0B60493C1C5C329800CA00F6 /* Frameworks */,
				0B60493D1C5C329800CA00F6 /* Resources */,
			);
			buildRules = (
			);
			dependencies = (
			);
			name = Jury;
			productName = Jury;
			productReference = 0B60493F1C5C329800CA00F6 /* Jury.app */;
			productType = "com.apple.product-type.application";
		};
/* End PBXNativeTarget section */

/* Begin PBXProject section */
		0B6049371C5C329800CA00F6 /* Project object */ = {
			isa = PBXProject;
			attributes = {
				LastSwiftUpdateCheck = 0720;
				LastUpgradeCheck = 0720;
				ORGANIZATIONNAME = kpapakipos;
				TargetAttributes = {
					0B60493E1C5C329800CA00F6 = {
						CreatedOnToolsVersion = 7.2;
						DevelopmentTeam = U5M2977QYX;
					};
				};
			};
			buildConfigurationList = 0B60493A1C5C329800CA00F6 /* Build configuration list for PBXProject "Jury" */;
			compatibilityVersion = "Xcode 3.2";
			developmentRegion = English;
			hasScannedForEncodings = 0;
			knownRegions = (
				en,
				Base,
			);
			mainGroup = 0B6049361C5C329800CA00F6;
			productRefGroup = 0B6049401C5C329800CA00F6 /* Products */;
			projectDirPath = "";
			projectRoot = "";
			targets = (
				0B60493E1C5C329800CA00F6 /* Jury */,
			);
		};
/* End PBXProject section */

/* Begin PBXResourcesBuildPhase section */
		0B60493D1C5C329800CA00F6 /* Resources */ = {
			isa = PBXResourcesBuildPhase;
			buildActionMask = 2147483647;
			files = (
				02AF44EB1C5DD9CB00A8D8E8 /* Icon-40.png in Resources */,
				02AF44F01C5DD9CB00A8D8E8 /* Icon-76@2x.png in Resources */,
				02AF44F61C5DD9D600A8D8E8 /* Icon-60@2x.png in Resources */,
				02AF44EF1C5DD9CB00A8D8E8 /* Icon-76.png in Resources */,
				0B60494D1C5C329800CA00F6 /* LaunchScreen.storyboard in Resources */,
				02AF45091C5DEC6800A8D8E8 /* kygo.png in Resources */,
				02AF44FA1C5DDC6D00A8D8E8 /* white.jpg in Resources */,
				02AF44F71C5DD9D600A8D8E8 /* Icon-83.5@2x.png in Resources */,
				0B60494A1C5C329800CA00F6 /* Assets.xcassets in Resources */,
				0B6049481C5C329800CA00F6 /* Main.storyboard in Resources */,
				02AF44F31C5DD9CB00A8D8E8 /* Icon-Small@3x.png in Resources */,
				02AF44EE1C5DD9CB00A8D8E8 /* Icon-60@3x.png in Resources */,
				02AF44ED1C5DD9CB00A8D8E8 /* Icon-40@3x.png in Resources */,
				02AF45021C5DE5F000A8D8E8 /* logo.png in Resources */,
				02AF45131C5DFE9500A8D8E8 /* logo35.png in Resources */,
				02AF44F11C5DD9CB00A8D8E8 /* Icon-Small.png in Resources */,
				02AF45191C5E060800A8D8E8 /* romanhouse35.png in Resources */,
				02AF45171C5E01B600A8D8E8 /* scales35.png in Resources */,
				02AF44EC1C5DD9CB00A8D8E8 /* Icon-40@2x.png in Resources */,
				02AF44F21C5DD9CB00A8D8E8 /* Icon-Small@2x.png in Resources */,
			);
			runOnlyForDeploymentPostprocessing = 0;
		};
/* End PBXResourcesBuildPhase section */

/* Begin PBXSourcesBuildPhase section */
		0B60493B1C5C329800CA00F6 /* Sources */ = {
			isa = PBXSourcesBuildPhase;
			buildActionMask = 2147483647;
			files = (
				0BB2A5A41C5C79DA003579E5 /* AppModel.swift in Sources */,
				0B34B7271C5D525700C5D0B9 /* YourJuriesViewController.swift in Sources */,
				0BB2A5981C5C45A9003579E5 /* LoginViewController.swift in Sources */,
				0B34B72D1C5DA57400C5D0B9 /* CaseDetailViewController.swift in Sources */,
				0B15E07F1C5DF991008EA803 /* ConflictCallback.swift in Sources */,
				0B15E0851C5E0888008EA803 /* ConflictDetailViewController.swift in Sources */,
				0BB2A5A01C5C534F003579E5 /* HomeTabNavigationController.swift in Sources */,
				0BB2A59C1C5C5152003579E5 /* NewConflictViewController.swift in Sources */,
				0BB2A5A21C5C6AB3003579E5 /* NetworkingController.swift in Sources */,
				0BA642F71C5DD0A000B854E5 /* LoginNavigationController.swift in Sources */,
				0B6049431C5C329800CA00F6 /* AppDelegate.swift in Sources */,
				0B15E0871C5E1196008EA803 /* ConflictDetailCallback.swift in Sources */,
				0B15E07D1C5DF71B008EA803 /* YourConflictsViewController.swift in Sources */,
				0B34B72B1C5D7A2200C5D0B9 /* CaseTableViewCell.swift in Sources */,
				0BB2A59A1C5C4F77003579E5 /* HomeViewController.swift in Sources */,
				0B15E0811C5E0329008EA803 /* ConflictTableViewCell.swift in Sources */,
				0B34B7291C5D62F700C5D0B9 /* JurorCallback.swift in Sources */,
			);
			runOnlyForDeploymentPostprocessing = 0;
		};
/* End PBXSourcesBuildPhase section */

/* Begin PBXVariantGroup section */
		0B6049461C5C329800CA00F6 /* Main.storyboard */ = {
			isa = PBXVariantGroup;
			children = (
				0B6049471C5C329800CA00F6 /* Base */,
			);
			name = Main.storyboard;
			sourceTree = "<group>";
		};
		0B60494B1C5C329800CA00F6 /* LaunchScreen.storyboard */ = {
			isa = PBXVariantGroup;
			children = (
				0B60494C1C5C329800CA00F6 /* Base */,
			);
			name = LaunchScreen.storyboard;
			sourceTree = "<group>";
		};
/* End PBXVariantGroup section */

/* Begin XCBuildConfiguration section */
		0B60494F1C5C329800CA00F6 /* Debug */ = {
			isa = XCBuildConfiguration;
			buildSettings = {
				ALWAYS_SEARCH_USER_PATHS = NO;
				CLANG_CXX_LANGUAGE_STANDARD = "gnu++0x";
				CLANG_CXX_LIBRARY = "libc++";
				CLANG_ENABLE_MODULES = YES;
				CLANG_ENABLE_OBJC_ARC = YES;
				CLANG_WARN_BOOL_CONVERSION = YES;
				CLANG_WARN_CONSTANT_CONVERSION = YES;
				CLANG_WARN_DIRECT_OBJC_ISA_USAGE = YES_ERROR;
				CLANG_WARN_EMPTY_BODY = YES;
				CLANG_WARN_ENUM_CONVERSION = YES;
				CLANG_WARN_INT_CONVERSION = YES;
				CLANG_WARN_OBJC_ROOT_CLASS = YES_ERROR;
				CLANG_WARN_UNREACHABLE_CODE = YES;
				CLANG_WARN__DUPLICATE_METHOD_MATCH = YES;
				"CODE_SIGN_IDENTITY[sdk=iphoneos*]" = "iPhone Developer";
				COPY_PHASE_STRIP = NO;
				DEBUG_INFORMATION_FORMAT = dwarf;
				ENABLE_STRICT_OBJC_MSGSEND = YES;
				ENABLE_TESTABILITY = YES;
				GCC_C_LANGUAGE_STANDARD = gnu99;
				GCC_DYNAMIC_NO_PIC = NO;
				GCC_NO_COMMON_BLOCKS = YES;
				GCC_OPTIMIZATION_LEVEL = 0;
				GCC_PREPROCESSOR_DEFINITIONS = (
					"DEBUG=1",
					"$(inherited)",
				);
				GCC_WARN_64_TO_32_BIT_CONVERSION = YES;
				GCC_WARN_ABOUT_RETURN_TYPE = YES_ERROR;
				GCC_WARN_UNDECLARED_SELECTOR = YES;
				GCC_WARN_UNINITIALIZED_AUTOS = YES_AGGRESSIVE;
				GCC_WARN_UNUSED_FUNCTION = YES;
				GCC_WARN_UNUSED_VARIABLE = YES;
				IPHONEOS_DEPLOYMENT_TARGET = 9.2;
				MTL_ENABLE_DEBUG_INFO = YES;
				ONLY_ACTIVE_ARCH = YES;
				SDKROOT = iphoneos;
				SWIFT_OPTIMIZATION_LEVEL = "-Onone";
				TARGETED_DEVICE_FAMILY = "1,2";
			};
			name = Debug;
		};
		0B6049501C5C329800CA00F6 /* Release */ = {
			isa = XCBuildConfiguration;
			buildSettings = {
				ALWAYS_SEARCH_USER_PATHS = NO;
				CLANG_CXX_LANGUAGE_STANDARD = "gnu++0x";
				CLANG_CXX_LIBRARY = "libc++";
				CLANG_ENABLE_MODULES = YES;
				CLANG_ENABLE_OBJC_ARC = YES;
				CLANG_WARN_BOOL_CONVERSION = YES;
				CLANG_WARN_CONSTANT_CONVERSION = YES;
				CLANG_WARN_DIRECT_OBJC_ISA_USAGE = YES_ERROR;
				CLANG_WARN_EMPTY_BODY = YES;
				CLANG_WARN_ENUM_CONVERSION = YES;
				CLANG_WARN_INT_CONVERSION = YES;
				CLANG_WARN_OBJC_ROOT_CLASS = YES_ERROR;
				CLANG_WARN_UNREACHABLE_CODE = YES;
				CLANG_WARN__DUPLICATE_METHOD_MATCH = YES;
				"CODE_SIGN_IDENTITY[sdk=iphoneos*]" = "iPhone Developer";
				COPY_PHASE_STRIP = NO;
				DEBUG_INFORMATION_FORMAT = "dwarf-with-dsym";
				ENABLE_NS_ASSERTIONS = NO;
				ENABLE_STRICT_OBJC_MSGSEND = YES;
				GCC_C_LANGUAGE_STANDARD = gnu99;
				GCC_NO_COMMON_BLOCKS = YES;
				GCC_WARN_64_TO_32_BIT_CONVERSION = YES;
				GCC_WARN_ABOUT_RETURN_TYPE = YES_ERROR;
				GCC_WARN_UNDECLARED_SELECTOR = YES;
				GCC_WARN_UNINITIALIZED_AUTOS = YES_AGGRESSIVE;
				GCC_WARN_UNUSED_FUNCTION = YES;
				GCC_WARN_UNUSED_VARIABLE = YES;
				IPHONEOS_DEPLOYMENT_TARGET = 9.2;
				MTL_ENABLE_DEBUG_INFO = NO;
				SDKROOT = iphoneos;
				TARGETED_DEVICE_FAMILY = "1,2";
				VALIDATE_PRODUCT = YES;
			};
			name = Release;
		};
		0B6049521C5C329800CA00F6 /* Debug */ = {
			isa = XCBuildConfiguration;
			buildSettings = {
				ASSETCATALOG_COMPILER_APPICON_NAME = AppIcon;
				CODE_SIGN_IDENTITY = "iPhone Developer";
				"CODE_SIGN_IDENTITY[sdk=iphoneos*]" = "iPhone Developer";
				INFOPLIST_FILE = Jury/Info.plist;
				LD_RUNPATH_SEARCH_PATHS = "$(inherited) @executable_path/Frameworks";
				PRODUCT_BUNDLE_IDENTIFIER = com.aex.Jury;
				PRODUCT_NAME = "$(TARGET_NAME)";
				PROVISIONING_PROFILE = "";
			};
			name = Debug;
		};
		0B6049531C5C329800CA00F6 /* Release */ = {
			isa = XCBuildConfiguration;
			buildSettings = {
				ASSETCATALOG_COMPILER_APPICON_NAME = AppIcon;
				CODE_SIGN_IDENTITY = "iPhone Developer";
				"CODE_SIGN_IDENTITY[sdk=iphoneos*]" = "iPhone Developer";
				INFOPLIST_FILE = Jury/Info.plist;
				LD_RUNPATH_SEARCH_PATHS = "$(inherited) @executable_path/Frameworks";
				PRODUCT_BUNDLE_IDENTIFIER = com.aex.Jury;
				PRODUCT_NAME = "$(TARGET_NAME)";
				PROVISIONING_PROFILE = "";
			};
			name = Release;
		};
/* End XCBuildConfiguration section */

/* Begin XCConfigurationList section */
		0B60493A1C5C329800CA00F6 /* Build configuration list for PBXProject "Jury" */ = {
			isa = XCConfigurationList;
			buildConfigurations = (
				0B60494F1C5C329800CA00F6 /* Debug */,
				0B6049501C5C329800CA00F6 /* Release */,
			);
			defaultConfigurationIsVisible = 0;
			defaultConfigurationName = Release;
		};
		0B6049511C5C329800CA00F6 /* Build configuration list for PBXNativeTarget "Jury" */ = {
			isa = XCConfigurationList;
			buildConfigurations = (
				0B6049521C5C329800CA00F6 /* Debug */,
				0B6049531C5C329800CA00F6 /* Release */,
			);
			defaultConfigurationIsVisible = 0;
			defaultConfigurationName = Release;
		};
/* End XCConfigurationList section */
	};
	rootObject = 0B6049371C5C329800CA00F6 /* Project object */;
}
